// !$*UTF8*$!
{
	archiveVersion = 1;
	classes = {
	};
	objectVersion = 46;
	objects = {

/* Begin PBXBuildFile section */
		474572AF16956B1D00CDCEDD /* UIKit.framework in Frameworks */ = {isa = PBXBuildFile; fileRef = 474572AE16956B1D00CDCEDD /* UIKit.framework */; };
		474572B116956B1D00CDCEDD /* Foundation.framework in Frameworks */ = {isa = PBXBuildFile; fileRef = 474572B016956B1D00CDCEDD /* Foundation.framework */; };
		474572B316956B1D00CDCEDD /* CoreGraphics.framework in Frameworks */ = {isa = PBXBuildFile; fileRef = 474572B216956B1D00CDCEDD /* CoreGraphics.framework */; };
		474572B916956B1D00CDCEDD /* InfoPlist.strings in Resources */ = {isa = PBXBuildFile; fileRef = 474572B716956B1D00CDCEDD /* InfoPlist.strings */; };
		474572BB16956B1D00CDCEDD /* main.m in Sources */ = {isa = PBXBuildFile; fileRef = 474572BA16956B1D00CDCEDD /* main.m */; };
		474572BF16956B1D00CDCEDD /* AppDelegate.m in Sources */ = {isa = PBXBuildFile; fileRef = 474572BE16956B1D00CDCEDD /* AppDelegate.m */; };
		474572C116956B1D00CDCEDD /* Default.png in Resources */ = {isa = PBXBuildFile; fileRef = 474572C016956B1D00CDCEDD /* Default.png */; };
		474572C316956B1D00CDCEDD /* Default@2x.png in Resources */ = {isa = PBXBuildFile; fileRef = 474572C216956B1D00CDCEDD /* Default@2x.png */; };
		474572C516956B1D00CDCEDD /* Default-568h@2x.png in Resources */ = {isa = PBXBuildFile; fileRef = 474572C416956B1D00CDCEDD /* Default-568h@2x.png */; };
		474572D816956D2000CDCEDD /* TableViewController.m in Sources */ = {isa = PBXBuildFile; fileRef = 474572D616956D2000CDCEDD /* TableViewController.m */; };
		474572D916956D2000CDCEDD /* TableViewController.xib in Resources */ = {isa = PBXBuildFile; fileRef = 474572D716956D2000CDCEDD /* TableViewController.xib */; };
		47601FB51696D9A6002868EE /* DetailViewController.m in Sources */ = {isa = PBXBuildFile; fileRef = 47601FB31696D9A6002868EE /* DetailViewController.m */; };
		47601FB61696D9A6002868EE /* DetailViewController.xib in Resources */ = {isa = PBXBuildFile; fileRef = 47601FB41696D9A6002868EE /* DetailViewController.xib */; };
		47D2D77C16B149E5002304FA /* bar.png in Resources */ = {isa = PBXBuildFile; fileRef = 47D2D77816B149E5002304FA /* bar.png */; };
		47D2D77D16B149E5002304FA /* disclosure.png in Resources */ = {isa = PBXBuildFile; fileRef = 47D2D77916B149E5002304FA /* disclosure.png */; };
		47D2D77E16B149E5002304FA /* sectionBg.png in Resources */ = {isa = PBXBuildFile; fileRef = 47D2D77A16B149E5002304FA /* sectionBg.png */; };
		47D2D77F16B149E5002304FA /* shrink.png in Resources */ = {isa = PBXBuildFile; fileRef = 47D2D77B16B149E5002304FA /* shrink.png */; };
		47E8B41816A437A30034D294 /* Country.m in Sources */ = {isa = PBXBuildFile; fileRef = 47E8B41716A437A30034D294 /* Country.m */; };
		47E8B41C16A437F20034D294 /* SQLiteOperation.m in Sources */ = {isa = PBXBuildFile; fileRef = 47E8B41B16A437F20034D294 /* SQLiteOperation.m */; };
		47E8B41E16A438010034D294 /* libsqlite3.dylib in Frameworks */ = {isa = PBXBuildFile; fileRef = 47E8B41D16A438010034D294 /* libsqlite3.dylib */; };
		47E8B42016A44CF30034D294 /* country.sqlite in Resources */ = {isa = PBXBuildFile; fileRef = 47E8B41F16A44CF30034D294 /* country.sqlite */; };
		47EC5E86169DB2F500C204FD /* Countries.plist in Resources */ = {isa = PBXBuildFile; fileRef = 47EC5E85169DB2F500C204FD /* Countries.plist */; };
/* End PBXBuildFile section */

/* Begin PBXFileReference section */
		474572AA16956B1D00CDCEDD /* TableSearchExample.app */ = {isa = PBXFileReference; explicitFileType = wrapper.application; includeInIndex = 0; path = TableSearchExample.app; sourceTree = BUILT_PRODUCTS_DIR; };
		474572AE16956B1D00CDCEDD /* UIKit.framework */ = {isa = PBXFileReference; lastKnownFileType = wrapper.framework; name = UIKit.framework; path = System/Library/Frameworks/UIKit.framework; sourceTree = SDKROOT; };
		474572B016956B1D00CDCEDD /* Foundation.framework */ = {isa = PBXFileReference; lastKnownFileType = wrapper.framework; name = Foundation.framework; path = System/Library/Frameworks/Foundation.framework; sourceTree = SDKROOT; };
		474572B216956B1D00CDCEDD /* CoreGraphics.framework */ = {isa = PBXFileReference; lastKnownFileType = wrapper.framework; name = CoreGraphics.framework; path = System/Library/Frameworks/CoreGraphics.framework; sourceTree = SDKROOT; };
		474572B616956B1D00CDCEDD /* TableSearchExample-Info.plist */ = {isa = PBXFileReference; lastKnownFileType = text.plist.xml; path = "TableSearchExample-Info.plist"; sourceTree = "<group>"; };
		474572B816956B1D00CDCEDD /* en */ = {isa = PBXFileReference; lastKnownFileType = text.plist.strings; name = en; path = en.lproj/InfoPlist.strings; sourceTree = "<group>"; };
		474572BA16956B1D00CDCEDD /* main.m */ = {isa = PBXFileReference; lastKnownFileType = sourcecode.c.objc; path = main.m; sourceTree = "<group>"; };
		474572BC16956B1D00CDCEDD /* TableSearchExample-Prefix.pch */ = {isa = PBXFileReference; lastKnownFileType = sourcecode.c.h; path = "TableSearchExample-Prefix.pch"; sourceTree = "<group>"; };
		474572BD16956B1D00CDCEDD /* AppDelegate.h */ = {isa = PBXFileReference; lastKnownFileType = sourcecode.c.h; path = AppDelegate.h; sourceTree = "<group>"; };
		474572BE16956B1D00CDCEDD /* AppDelegate.m */ = {isa = PBXFileReference; lastKnownFileType = sourcecode.c.objc; path = AppDelegate.m; sourceTree = "<group>"; };
		474572C016956B1D00CDCEDD /* Default.png */ = {isa = PBXFileReference; lastKnownFileType = image.png; path = Default.png; sourceTree = "<group>"; };
		474572C216956B1D00CDCEDD /* Default@2x.png */ = {isa = PBXFileReference; lastKnownFileType = image.png; path = "Default@2x.png"; sourceTree = "<group>"; };
		474572C416956B1D00CDCEDD /* Default-568h@2x.png */ = {isa = PBXFileReference; lastKnownFileType = image.png; path = "Default-568h@2x.png"; sourceTree = "<group>"; };
		474572D516956D2000CDCEDD /* TableViewController.h */ = {isa = PBXFileReference; fileEncoding = 4; lastKnownFileType = sourcecode.c.h; path = TableViewController.h; sourceTree = "<group>"; };
		474572D616956D2000CDCEDD /* TableViewController.m */ = {isa = PBXFileReference; fileEncoding = 4; lastKnownFileType = sourcecode.c.objc; path = TableViewController.m; sourceTree = "<group>"; };
		474572D716956D2000CDCEDD /* TableViewController.xib */ = {isa = PBXFileReference; fileEncoding = 4; lastKnownFileType = file.xib; path = TableViewController.xib; sourceTree = "<group>"; };
		47601FB21696D9A6002868EE /* DetailViewController.h */ = {isa = PBXFileReference; fileEncoding = 4; lastKnownFileType = sourcecode.c.h; path = DetailViewController.h; sourceTree = "<group>"; };
		47601FB31696D9A6002868EE /* DetailViewController.m */ = {isa = PBXFileReference; fileEncoding = 4; lastKnownFileType = sourcecode.c.objc; path = DetailViewController.m; sourceTree = "<group>"; };
		47601FB41696D9A6002868EE /* DetailViewController.xib */ = {isa = PBXFileReference; fileEncoding = 4; lastKnownFileType = file.xib; path = DetailViewController.xib; sourceTree = "<group>"; };
		47D2D77816B149E5002304FA /* bar.png */ = {isa = PBXFileReference; lastKnownFileType = image.png; path = bar.png; sourceTree = "<group>"; };
		47D2D77916B149E5002304FA /* disclosure.png */ = {isa = PBXFileReference; lastKnownFileType = image.png; path = disclosure.png; sourceTree = "<group>"; };
		47D2D77A16B149E5002304FA /* sectionBg.png */ = {isa = PBXFileReference; lastKnownFileType = image.png; path = sectionBg.png; sourceTree = "<group>"; };
		47D2D77B16B149E5002304FA /* shrink.png */ = {isa = PBXFileReference; lastKnownFileType = image.png; path = shrink.png; sourceTree = "<group>"; };
		47E8B41616A437A30034D294 /* Country.h */ = {isa = PBXFileReference; fileEncoding = 4; lastKnownFileType = sourcecode.c.h; path = Country.h; sourceTree = "<group>"; };
		47E8B41716A437A30034D294 /* Country.m */ = {isa = PBXFileReference; fileEncoding = 4; lastKnownFileType = sourcecode.c.objc; path = Country.m; sourceTree = "<group>"; };
		47E8B41A16A437F20034D294 /* SQLiteOperation.h */ = {isa = PBXFileReference; fileEncoding = 4; lastKnownFileType = sourcecode.c.h; path = SQLiteOperation.h; sourceTree = "<group>"; };
		47E8B41B16A437F20034D294 /* SQLiteOperation.m */ = {isa = PBXFileReference; fileEncoding = 4; lastKnownFileType = sourcecode.c.objc; path = SQLiteOperation.m; sourceTree = "<group>"; };
		47E8B41D16A438010034D294 /* libsqlite3.dylib */ = {isa = PBXFileReference; lastKnownFileType = "compiled.mach-o.dylib"; name = libsqlite3.dylib; path = usr/lib/libsqlite3.dylib; sourceTree = SDKROOT; };
		47E8B41F16A44CF30034D294 /* country.sqlite */ = {isa = PBXFileReference; lastKnownFileType = file; path = country.sqlite; sourceTree = "<group>"; };
		47EC5E85169DB2F500C204FD /* Countries.plist */ = {isa = PBXFileReference; fileEncoding = 4; lastKnownFileType = text.plist.xml; path = Countries.plist; sourceTree = "<group>"; };
/* End PBXFileReference section */

/* Begin PBXFrameworksBuildPhase section */
		474572A716956B1D00CDCEDD /* Frameworks */ = {
			isa = PBXFrameworksBuildPhase;
			buildActionMask = 2147483647;
			files = (
				47E8B41E16A438010034D294 /* libsqlite3.dylib in Frameworks */,
				474572AF16956B1D00CDCEDD /* UIKit.framework in Frameworks */,
				474572B116956B1D00CDCEDD /* Foundation.framework in Frameworks */,
				474572B316956B1D00CDCEDD /* CoreGraphics.framework in Frameworks */,
			);
			runOnlyForDeploymentPostprocessing = 0;
		};
/* End PBXFrameworksBuildPhase section */

/* Begin PBXGroup section */
		4745729F16956B1D00CDCEDD = {
			isa = PBXGroup;
			children = (
				47D2D77716B149E5002304FA /* Images */,
				47E8B41F16A44CF30034D294 /* country.sqlite */,
				47E8B41D16A438010034D294 /* libsqlite3.dylib */,
				47E8B41A16A437F20034D294 /* SQLiteOperation.h */,
				47E8B41B16A437F20034D294 /* SQLiteOperation.m */,
				47E8B41616A437A30034D294 /* Country.h */,
				47E8B41716A437A30034D294 /* Country.m */,
				47EC5E85169DB2F500C204FD /* Countries.plist */,
				474572B416956B1D00CDCEDD /* TableSearchExample */,
				474572AD16956B1D00CDCEDD /* Frameworks */,
				474572AB16956B1D00CDCEDD /* Products */,
			);
			sourceTree = "<group>";
		};
		474572AB16956B1D00CDCEDD /* Products */ = {
			isa = PBXGroup;
			children = (
				474572AA16956B1D00CDCEDD /* TableSearchExample.app */,
			);
			name = Products;
			sourceTree = "<group>";
		};
		474572AD16956B1D00CDCEDD /* Frameworks */ = {
			isa = PBXGroup;
			children = (
				474572AE16956B1D00CDCEDD /* UIKit.framework */,
				474572B016956B1D00CDCEDD /* Foundation.framework */,
				474572B216956B1D00CDCEDD /* CoreGraphics.framework */,
			);
			name = Frameworks;
			sourceTree = "<group>";
		};
		474572B416956B1D00CDCEDD /* TableSearchExample */ = {
			isa = PBXGroup;
			children = (
				474572BD16956B1D00CDCEDD /* AppDelegate.h */,
				474572BE16956B1D00CDCEDD /* AppDelegate.m */,
				474572D516956D2000CDCEDD /* TableViewController.h */,
				474572D616956D2000CDCEDD /* TableViewController.m */,
				474572D716956D2000CDCEDD /* TableViewController.xib */,
				47601FB21696D9A6002868EE /* DetailViewController.h */,
				47601FB31696D9A6002868EE /* DetailViewController.m */,
				47601FB41696D9A6002868EE /* DetailViewController.xib */,
				474572B516956B1D00CDCEDD /* Supporting Files */,
			);
			path = TableSearchExample;
			sourceTree = "<group>";
		};
		474572B516956B1D00CDCEDD /* Supporting Files */ = {
			isa = PBXGroup;
			children = (
				474572B616956B1D00CDCEDD /* TableSearchExample-Info.plist */,
				474572B716956B1D00CDCEDD /* InfoPlist.strings */,
				474572BA16956B1D00CDCEDD /* main.m */,
				474572BC16956B1D00CDCEDD /* TableSearchExample-Prefix.pch */,
				474572C016956B1D00CDCEDD /* Default.png */,
				474572C216956B1D00CDCEDD /* Default@2x.png */,
				474572C416956B1D00CDCEDD /* Default-568h@2x.png */,
			);
			name = "Supporting Files";
			sourceTree = "<group>";
		};
		47D2D77716B149E5002304FA /* Images */ = {
			isa = PBXGroup;
			children = (
				47D2D77816B149E5002304FA /* bar.png */,
				47D2D77916B149E5002304FA /* disclosure.png */,
				47D2D77A16B149E5002304FA /* sectionBg.png */,
				47D2D77B16B149E5002304FA /* shrink.png */,
			);
			path = Images;
			sourceTree = "<group>";
		};
/* End PBXGroup section */

/* Begin PBXNativeTarget section */
		474572A916956B1D00CDCEDD /* TableSearchExample */ = {
			isa = PBXNativeTarget;
			buildConfigurationList = 474572CE16956B1D00CDCEDD /* Build configuration list for PBXNativeTarget "TableSearchExample" */;
			buildPhases = (
				474572A616956B1D00CDCEDD /* Sources */,
				474572A716956B1D00CDCEDD /* Frameworks */,
				474572A816956B1D00CDCEDD /* Resources */,
			);
			buildRules = (
			);
			dependencies = (
			);
			name = TableSearchExample;
			productName = TableSearchExample;
			productReference = 474572AA16956B1D00CDCEDD /* TableSearchExample.app */;
			productType = "com.apple.product-type.application";
		};
/* End PBXNativeTarget section */

/* Begin PBXProject section */
		474572A116956B1D00CDCEDD /* Project object */ = {
			isa = PBXProject;
			attributes = {
				LastUpgradeCheck = 0450;
				ORGANIZATIONNAME = "hemant kumar";
			};
			buildConfigurationList = 474572A416956B1D00CDCEDD /* Build configuration list for PBXProject "TableSearchExample" */;
			compatibilityVersion = "Xcode 3.2";
			developmentRegion = English;
			hasScannedForEncodings = 0;
			knownRegions = (
				en,
			);
			mainGroup = 4745729F16956B1D00CDCEDD;
			productRefGroup = 474572AB16956B1D00CDCEDD /* Products */;
			projectDirPath = "";
			projectRoot = "";
			targets = (
				474572A916956B1D00CDCEDD /* TableSearchExample */,
			);
		};
/* End PBXProject section */

/* Begin PBXResourcesBuildPhase section */
		474572A816956B1D00CDCEDD /* Resources */ = {
			isa = PBXResourcesBuildPhase;
			buildActionMask = 2147483647;
			files = (
				474572B916956B1D00CDCEDD /* InfoPlist.strings in Resources */,
				474572C116956B1D00CDCEDD /* Default.png in Resources */,
				474572C316956B1D00CDCEDD /* Default@2x.png in Resources */,
				474572C516956B1D00CDCEDD /* Default-568h@2x.png in Resources */,
				474572D916956D2000CDCEDD /* TableViewController.xib in Resources */,
				47601FB61696D9A6002868EE /* DetailViewController.xib in Resources */,
				47EC5E86169DB2F500C204FD /* Countries.plist in Resources */,
				47E8B42016A44CF30034D294 /* country.sqlite in Resources */,
				47D2D77C16B149E5002304FA /* bar.png in Resources */,
				47D2D77D16B149E5002304FA /* disclosure.png in Resources */,
				47D2D77E16B149E5002304FA /* sectionBg.png in Resources */,
				47D2D77F16B149E5002304FA /* shrink.png in Resources */,
			);
			runOnlyForDeploymentPostprocessing = 0;
		};
/* End PBXResourcesBuildPhase section */

/* Begin PBXSourcesBuildPhase section */
		474572A616956B1D00CDCEDD /* Sources */ = {
			isa = PBXSourcesBuildPhase;
			buildActionMask = 2147483647;
			files = (
				474572BB16956B1D00CDCEDD /* main.m in Sources */,
				474572BF16956B1D00CDCEDD /* AppDelegate.m in Sources */,
				474572D816956D2000CDCEDD /* TableViewController.m in Sources */,
				47601FB51696D9A6002868EE /* DetailViewController.m in Sources */,
				47E8B41816A437A30034D294 /* Country.m in Sources */,
				47E8B41C16A437F20034D294 /* SQLiteOperation.m in Sources */,
			);
			runOnlyForDeploymentPostprocessing = 0;
		};
/* End PBXSourcesBuildPhase section */

/* Begin PBXVariantGroup section */
		474572B716956B1D00CDCEDD /* InfoPlist.strings */ = {
			isa = PBXVariantGroup;
			children = (
				474572B816956B1D00CDCEDD /* en */,
			);
			name = InfoPlist.strings;
			sourceTree = "<group>";
		};
/* End PBXVariantGroup section */

/* Begin XCBuildConfiguration section */
		474572CC16956B1D00CDCEDD /* Debug */ = {
			isa = XCBuildConfiguration;
			buildSettings = {
				ALWAYS_SEARCH_USER_PATHS = NO;
				CLANG_CXX_LANGUAGE_STANDARD = "gnu++0x";
				CLANG_CXX_LIBRARY = "libc++";
				CLANG_ENABLE_OBJC_ARC = YES;
				CLANG_WARN_EMPTY_BODY = YES;
				CLANG_WARN__DUPLICATE_METHOD_MATCH = YES;
				"CODE_SIGN_IDENTITY[sdk=iphoneos*]" = "iPhone Developer";
				COPY_PHASE_STRIP = NO;
				GCC_C_LANGUAGE_STANDARD = gnu99;
				GCC_DYNAMIC_NO_PIC = NO;
				GCC_OPTIMIZATION_LEVEL = 0;
				GCC_PREPROCESSOR_DEFINITIONS = (
					"DEBUG=1",
					"$(inherited)",
				);
				GCC_SYMBOLS_PRIVATE_EXTERN = NO;
				GCC_WARN_ABOUT_RETURN_TYPE = YES;
				GCC_WARN_UNINITIALIZED_AUTOS = YES;
				GCC_WARN_UNUSED_VARIABLE = YES;
				IPHONEOS_DEPLOYMENT_TARGET = 6.0;
				SDKROOT = iphoneos;
			};
			name = Debug;
		};
		474572CD16956B1D00CDCEDD /* Release */ = {
			isa = XCBuildConfiguration;
			buildSettings = {
				ALWAYS_SEARCH_USER_PATHS = NO;
				CLANG_CXX_LANGUAGE_STANDARD = "gnu++0x";
				CLANG_CXX_LIBRARY = "libc++";
				CLANG_ENABLE_OBJC_ARC = YES;
				CLANG_WARN_EMPTY_BODY = YES;
				CLANG_WARN__DUPLICATE_METHOD_MATCH = YES;
				"CODE_SIGN_IDENTITY[sdk=iphoneos*]" = "iPhone Developer";
				COPY_PHASE_STRIP = YES;
				GCC_C_LANGUAGE_STANDARD = gnu99;
				GCC_WARN_ABOUT_RETURN_TYPE = YES;
				GCC_WARN_UNINITIALIZED_AUTOS = YES;
				GCC_WARN_UNUSED_VARIABLE = YES;
				IPHONEOS_DEPLOYMENT_TARGET = 6.0;
				OTHER_CFLAGS = "-DNS_BLOCK_ASSERTIONS=1";
				SDKROOT = iphoneos;
				VALIDATE_PRODUCT = YES;
			};
			name = Release;
		};
		474572CF16956B1D00CDCEDD /* Debug */ = {
			isa = XCBuildConfiguration;
			buildSettings = {
				GCC_PRECOMPILE_PREFIX_HEADER = YES;
				GCC_PREFIX_HEADER = "TableSearchExample/TableSearchExample-Prefix.pch";
				INFOPLIST_FILE = "TableSearchExample/TableSearchExample-Info.plist";
				PRODUCT_NAME = "$(TARGET_NAME)";
				WRAPPER_EXTENSION = app;
			};
			name = Debug;
		};
		474572D016956B1D00CDCEDD /* Release */ = {
			isa = XCBuildConfiguration;
			buildSettings = {
				GCC_PRECOMPILE_PREFIX_HEADER = YES;
				GCC_PREFIX_HEADER = "TableSearchExample/TableSearchExample-Prefix.pch";
				INFOPLIST_FILE = "TableSearchExample/TableSearchExample-Info.plist";
				PRODUCT_NAME = "$(TARGET_NAME)";
				WRAPPER_EXTENSION = app;
			};
			name = Release;
		};
/* End XCBuildConfiguration section */

/* Begin XCConfigurationList section */
		474572A416956B1D00CDCEDD /* Build configuration list for PBXProject "TableSearchExample" */ = {
			isa = XCConfigurationList;
			buildConfigurations = (
				474572CC16956B1D00CDCEDD /* Debug */,
				474572CD16956B1D00CDCEDD /* Release */,
			);
			defaultConfigurationIsVisible = 0;
			defaultConfigurationName = Release;
		};
		474572CE16956B1D00CDCEDD /* Build configuration list for PBXNativeTarget "TableSearchExample" */ = {
			isa = XCConfigurationList;
			buildConfigurations = (
				474572CF16956B1D00CDCEDD /* Debug */,
				474572D016956B1D00CDCEDD /* Release */,
			);
			defaultConfigurationIsVisible = 0;
			defaultConfigurationName = Release;
		};
/* End XCConfigurationList section */
	};
	rootObject = 474572A116956B1D00CDCEDD /* Project object */;
}
